// !$*UTF8*$!
{
	archiveVersion = 1;
	classes = {
	};
	objectVersion = 110;
	objects = {

/* Begin PBXContainerItemProxy section */
		3CD63D173069902200E67DAD /* PBXContainerItemProxy */ = {
			isa = PBXContainerItemProxy;
			containerPortal = 3CD63CEF3069889300E67DAD /* Project object */;
			proxyType = 1;
			remoteGlobalIDString = 3CD63CF63069889300E67DAD;
			remoteInfo = DrPopper;
		};
/* End PBXContainerItemProxy section */

/* Begin PBXFileReference section */
		3CD63CF73069889300E67DAD /* Sports Collector.app */ = {isa = PBXFileReference; explicitFileType = wrapper.application; includeInIndex = 0; path = "Sports Collector.app"; sourceTree = BUILT_PRODUCTS_DIR; };
		3CD63D133069902200E67DAD /* Sports CollectorTests.xctest */ = {isa = PBXFileReference; explicitFileType = wrapper.cfbundle; includeInIndex = 0; path = "Sports CollectorTests.xctest"; sourceTree = BUILT_PRODUCTS_DIR; };
/* End PBXFileReference section */

/* Begin PBXFileSystemSynchronizedBuildFileExceptionSet section */
		3CD63D093069889400E67DAD /* Exceptions for "SportsCollector" folder in "Sports Collector" target */ = {
			isa = PBXFileSystemSynchronizedBuildFileExceptionSet;
			membershipExceptions = (
				Info.plist,
			);
			target = 3CD63CF63069889300E67DAD /* Sports Collector */;
		};
/* End PBXFileSystemSynchronizedBuildFileExceptionSet section */

/* Begin PBXFileSystemSynchronizedRootGroup section */
		3CD63CF93069889300E67DAD /* SportsCollector */ = {
			isa = PBXFileSystemSynchronizedRootGroup;
			exceptions = (
				3CD63D093069889400E67DAD /* Exceptions for "SportsCollector" folder in "Sports Collector" target */,
			);
			path = SportsCollector;
			sourceTree = "<group>";
		};
		3CD63D143069902200E67DAD /* Sports CollectorTests */ = {
			isa = PBXFileSystemSynchronizedRootGroup;
			path = "Sports CollectorTests";
			sourceTree = "<group>";
		};
/* End PBXFileSystemSynchronizedRootGroup section */

/* Begin PBXFrameworksBuildPhase section */
		3CD63CF43069889300E67DAD /* Frameworks */ = {
			isa = PBXFrameworksBuildPhase;
			files = (
			);
		};
		3CD63D103069902200E67DAD /* Frameworks */ = {
			isa = PBXFrameworksBuildPhase;
			files = (
			);
		};
/* End PBXFrameworksBuildPhase section */

/* Begin PBXGroup section */
		3CD63CEE3069889300E67DAD = {
			isa = PBXGroup;
			children = (
				3CD63CF93069889300E67DAD /* SportsCollector */,
				3CD63D143069902200E67DAD /* Sports CollectorTests */,
				3CD63CF83069889300E67DAD /* Products */,
			);
			sourceTree = "<group>";
		};
		3CD63CF83069889300E67DAD /* Products */ = {
			isa = PBXGroup;
			children = (
				3CD63CF73069889300E67DAD /* Sports Collector.app */,
				3CD63D133069902200E67DAD /* Sports CollectorTests.xctest */,
			);
			name = Products;
			sourceTree = "<group>";
		};
/* End PBXGroup section */

/* Begin PBXNativeTarget section */
		3CD63CF63069889300E67DAD /* Sports Collector */ = {
			isa = PBXNativeTarget;
			buildConfigurationList = 3CD63D0A3069889400E67DAD /* Build configuration list for PBXNativeTarget "Sports Collector" */;
			buildPhases = (
				3CD63CF33069889300E67DAD /* Sources */,
				3CD63CF43069889300E67DAD /* Frameworks */,
				3CD63CF53069889300E67DAD /* Resources */,
			);
			buildRules = (
			);
			fileSystemSynchronizedGroups = (
				3CD63CF93069889300E67DAD /* SportsCollector */,
			);
			name = "Sports Collector";
			productName = DrPopper;
			productReference = 3CD63CF73069889300E67DAD /* Sports Collector.app */;
			productType = "com.apple.product-type.application";
		};
		3CD63D123069902200E67DAD /* Sports CollectorTests */ = {
			isa = PBXNativeTarget;
			buildConfigurationList = 3CD63D193069902200E67DAD /* Build configuration list for PBXNativeTarget "Sports CollectorTests" */;
			buildPhases = (
				3CD63D0F3069902200E67DAD /* Sources */,
				3CD63D103069902200E67DAD /* Frameworks */,
				3CD63D113069902200E67DAD /* Resources */,
			);
			buildRules = (
			);
			dependencies = (
				3CD63D183069902200E67DAD /* PBXTargetDependency */,
			);
			fileSystemSynchronizedGroups = (
				3CD63D143069902200E67DAD /* Sports CollectorTests */,
			);
			name = "Sports CollectorTests";
			productName = DrPopperTests;
			productReference = 3CD63D133069902200E67DAD /* Sports CollectorTests.xctest */;
			productType = "com.apple.product-type.bundle.unit-test";
		};
/* End PBXNativeTarget section */

/* Begin PBXProject section */
		3CD63CEF3069889300E67DAD /* Project object */ = {
			isa = PBXProject;
			attributes = {
				BuildIndependentTargetsInParallel = 1;
				LastSwiftUpdateCheck = 2700;
				LastUpgradeCheck = 2700;
				TargetAttributes = {
					3CD63CF63069889300E67DAD = {
						CreatedOnToolsVersion = 27.0;
					};
					3CD63D123069902200E67DAD = {
						CreatedOnToolsVersion = 27.0;
						TestTargetID = 3CD63CF63069889300E67DAD;
					};
				};
			};
			buildConfigurationList = 3CD63CF23069889300E67DAD /* Build configuration list for PBXProject "Sports Collector" */;
			developmentRegion = en;
			hasScannedForEncodings = 0;
			knownRegions = (
				en,
				Base,
			);
			mainGroup = 3CD63CEE3069889300E67DAD;
			minimizedProjectReferenceProxies = 1;
			preferredProjectObjectVersion = 77;
			productRefGroup = 3CD63CF83069889300E67DAD /* Products */;
			projectDirPath = "";
			projectRoot = "";
			targets = (
				3CD63CF63069889300E67DAD /* Sports Collector */,
				3CD63D123069902200E67DAD /* Sports CollectorTests */,
			);
		};
/* End PBXProject section */

/* Begin PBXResourcesBuildPhase section */
		3CD63CF53069889300E67DAD /* Resources */ = {
			isa = PBXResourcesBuildPhase;
			files = (
			);
		};
		3CD63D113069902200E67DAD /* Resources */ = {
			isa = PBXResourcesBuildPhase;
			files = (
			);
		};
/* End PBXResourcesBuildPhase section */

/* Begin PBXSourcesBuildPhase section */
		3CD63CF33069889300E67DAD /* Sources */ = {
			isa = PBXSourcesBuildPhase;
			files = (
			);
		};
		3CD63D0F3069902200E67DAD /* Sources */ = {
			isa = PBXSourcesBuildPhase;
			files = (
			);
		};
/* End PBXSourcesBuildPhase section */

/* Begin PBXTargetDependency section */
		3CD63D183069902200E67DAD /* PBXTargetDependency */ = {
			isa = PBXTargetDependency;
			target = 3CD63CF63069889300E67DAD /* Sports Collector */;
			targetProxy = 3CD63D173069902200E67DAD /* PBXContainerItemProxy */;
		};
/* End PBXTargetDependency section */

/* Begin XCBuildConfiguration section */
		3CD63D0B3069889400E67DAD /* Debug configuration for PBXNativeTarget "Sports Collector" */ = {
			isa = XCBuildConfiguration;
			buildSettings = {
				ASSETCATALOG_COMPILER_APPICON_NAME = AppIcon;
				ASSETCATALOG_COMPILER_GLOBAL_ACCENT_COLOR_NAME = AccentColor;
				CODE_SIGN_STYLE = Automatic;
				CURRENT_PROJECT_VERSION = 1;
				DEVELOPMENT_TEAM = HLFRWBFWY6;
				GENERATE_INFOPLIST_FILE = YES;
				INFOPLIST_FILE = SportsCollector/Info.plist;
				INFOPLIST_KEY_CFBundleDisplayName = "Sports Collector";
				INFOPLIST_KEY_UIApplicationSupportsIndirectInputEvents = YES;
				INFOPLIST_KEY_UILaunchStoryboardName = LaunchScreen;
				INFOPLIST_KEY_UIMainStoryboardFile = Main;
				INFOPLIST_KEY_UISupportedInterfaceOrientations = UIInterfaceOrientationPortrait;
				LD_RUNPATH_SEARCH_PATHS = (
					"$(inherited)",
					"@executable_path/Frameworks",
				);
				MARKETING_VERSION = 1.0;
				PRODUCT_BUNDLE_IDENTIFIER = com.nigelspeight.SportsCollector;
				PRODUCT_NAME = "$(TARGET_NAME)";
				STRING_CATALOG_GENERATE_SYMBOLS = YES;
				SWIFT_APPROACHABLE_CONCURRENCY = YES;
				SWIFT_DEFAULT_ACTOR_ISOLATION = MainActor;
				SWIFT_EMIT_LOC_STRINGS = YES;
				SWIFT_UPCOMING_FEATURE_MEMBER_IMPORT_VISIBILITY = YES;
				SWIFT_VERSION = 5.0;
				TARGETED_DEVICE_FAMILY = "1,2";
			};
			name = Debug;
		};
		3CD63D0C3069889400E67DAD /* Release configuration for PBXNativeTarget "Sports Collector" */ = {
			isa = XCBuildConfiguration;
			buildSettings = {
				ASSETCATALOG_COMPILER_APPICON_NAME = AppIcon;
				ASSETCATALOG_COMPILER_GLOBAL_ACCENT_COLOR_NAME = AccentColor;
				CODE_SIGN_STYLE = Automatic;
				CURRENT_PROJECT_VERSION = 1;
				DEVELOPMENT_TEAM = HLFRWBFWY6;
				GENERATE_INFOPLIST_FILE = YES;
				INFOPLIST_FILE = SportsCollector/Info.plist;
				INFOPLIST_KEY_CFBundleDisplayName = "Sports Collector";
				INFOPLIST_KEY_UIApplicationSupportsIndirectInputEvents = YES;
				INFOPLIST_KEY_UILaunchStoryboardName = LaunchScreen;
				INFOPLIST_KEY_UIMainStoryboardFile = Main;
				INFOPLIST_KEY_UISupportedInterfaceOrientations = UIInterfaceOrientationPortrait;
				LD_RUNPATH_SEARCH_PATHS = (
					"$(inherited)",
					"@executable_path/Frameworks",
				);
				MARKETING_VERSION = 1.0;
				PRODUCT_BUNDLE_IDENTIFIER = com.nigelspeight.SportsCollector;
				PRODUCT_NAME = "$(TARGET_NAME)";
				STRING_CATALOG_GENERATE_SYMBOLS = YES;
				SWIFT_APPROACHABLE_CONCURRENCY = YES;
				SWIFT_DEFAULT_ACTOR_ISOLATION = MainActor;
				SWIFT_EMIT_LOC_STRINGS = YES;
				SWIFT_UPCOMING_FEATURE_MEMBER_IMPORT_VISIBILITY = YES;
				SWIFT_VERSION = 5.0;
				TARGETED_DEVICE_FAMILY = "1,2";
			};
			name = Release;
		};
		3CD63D0D3069889400E67DAD /* Debug configuration for PBXProject "Sports Collector" */ = {
			isa = XCBuildConfiguration;
			buildSettings = {
				ALWAYS_SEARCH_USER_PATHS = NO;
				ASSETCATALOG_COMPILER_GENERATE_SWIFT_ASSET_SYMBOL_EXTENSIONS = YES;
				CLANG_ANALYZER_NONNULL = YES;
				CLANG_ANALYZER_NUMBER_OBJECT_CONVERSION = YES_AGGRESSIVE;
				CLANG_CXX_LANGUAGE_STANDARD = "gnu++20";
				CLANG_ENABLE_MODULES = YES;
				CLANG_ENABLE_OBJC_ARC = YES;
				CLANG_ENABLE_OBJC_WEAK = YES;
				CLANG_WARN_BLOCK_CAPTURE_AUTORELEASING = YES;
				CLANG_WARN_BOOL_CONVERSION = YES;
				CLANG_WARN_COMMA = YES;
				CLANG_WARN_CONSTANT_CONVERSION = YES;
				CLANG_WARN_DEPRECATED_OBJC_IMPLEMENTATIONS = YES;
				CLANG_WARN_DIRECT_OBJC_ISA_USAGE = YES_ERROR;
				CLANG_WARN_DOCUMENTATION_COMMENTS = YES;
				CLANG_WARN_EMPTY_BODY = YES;
				CLANG_WARN_ENUM_CONVERSION = YES;
				CLANG_WARN_INFINITE_RECURSION = YES;
				CLANG_WARN_INT_CONVERSION = YES;
				CLANG_WARN_NON_LITERAL_NULL_CONVERSION = YES;
				CLANG_WARN_OBJC_IMPLICIT_RETAIN_SELF = YES;
				CLANG_WARN_OBJC_LITERAL_CONVERSION = YES;
				CLANG_WARN_OBJC_ROOT_CLASS = YES_ERROR;
				CLANG_WARN_QUOTED_INCLUDE_IN_FRAMEWORK_HEADER = YES;
				CLANG_WARN_RANGE_LOOP_ANALYSIS = YES;
				CLANG_WARN_STRICT_PROTOTYPES = YES;
				CLANG_WARN_SUSPICIOUS_MOVE = YES;
				CLANG_WARN_UNGUARDED_AVAILABILITY = YES_AGGRESSIVE;
				CLANG_WARN_UNREACHABLE_CODE = YES;
				CLANG_WARN__DUPLICATE_METHOD_MATCH = YES;
				COPY_PHASE_STRIP = NO;
				DEBUG_INFORMATION_FORMAT = dwarf;
				DEVELOPMENT_TEAM = HLFRWBFWY6;
				ENABLE_STRICT_OBJC_MSGSEND = YES;
				ENABLE_TESTABILITY = YES;
				ENABLE_USER_SCRIPT_SANDBOXING = YES;
				GCC_C_LANGUAGE_STANDARD = gnu17;
				GCC_DYNAMIC_NO_PIC = NO;
				GCC_NO_COMMON_BLOCKS = YES;
				GCC_OPTIMIZATION_LEVEL = 0;
				GCC_PREPROCESSOR_DEFINITIONS = (
					"DEBUG=1",
					"$(inherited)",
				);
				GCC_WARN_64_TO_32_BIT_CONVERSION = YES;
				GCC_WARN_ABOUT_RETURN_TYPE = YES_ERROR;
				GCC_WARN_UNDECLARED_SELECTOR = YES;
				GCC_WARN_UNINITIALIZED_AUTOS = YES_AGGRESSIVE;
				GCC_WARN_UNUSED_FUNCTION = YES;
				GCC_WARN_UNUSED_VARIABLE = YES;
				IPHONEOS_DEPLOYMENT_TARGET = 27.0;
				LOCALIZATION_PREFERS_STRING_CATALOGS = YES;
				MTL_ENABLE_DEBUG_INFO = INCLUDE_SOURCE;
				MTL_FAST_MATH = YES;
				ONLY_ACTIVE_ARCH = YES;
				SDKROOT = iphoneos;
				SWIFT_ACTIVE_COMPILATION_CONDITIONS = "DEBUG $(inherited)";
				SWIFT_OPTIMIZATION_LEVEL = "-Onone";
			};
			name = Debug;
		};
		3CD63D0E3069889400E67DAD /* Release configuration for PBXProject "Sports Collector" */ = {
			isa = XCBuildConfiguration;
			buildSettings = {
				ALWAYS_SEARCH_USER_PATHS = NO;
				ASSETCATALOG_COMPILER_GENERATE_SWIFT_ASSET_SYMBOL_EXTENSIONS = YES;
				CLANG_ANALYZER_NONNULL = YES;
				CLANG_ANALYZER_NUMBER_OBJECT_CONVERSION = YES_AGGRESSIVE;
				CLANG_CXX_LANGUAGE_STANDARD = "gnu++20";
				CLANG_ENABLE_MODULES = YES;
				CLANG_ENABLE_OBJC_ARC = YES;
				CLANG_ENABLE_OBJC_WEAK = YES;
				CLANG_WARN_BLOCK_CAPTURE_AUTORELEASING = YES;
				CLANG_WARN_BOOL_CONVERSION = YES;
				CLANG_WARN_COMMA = YES;
				CLANG_WARN_CONSTANT_CONVERSION = YES;
				CLANG_WARN_DEPRECATED_OBJC_IMPLEMENTATIONS = YES;
				CLANG_WARN_DIRECT_OBJC_ISA_USAGE = YES_ERROR;
				CLANG_WARN_DOCUMENTATION_COMMENTS = YES;
				CLANG_WARN_EMPTY_BODY = YES;
				CLANG_WARN_ENUM_CONVERSION = YES;
				CLANG_WARN_INFINITE_RECURSION = YES;
				CLANG_WARN_INT_CONVERSION = YES;
				CLANG_WARN_NON_LITERAL_NULL_CONVERSION = YES;
				CLANG_WARN_OBJC_IMPLICIT_RETAIN_SELF = YES;
				CLANG_WARN_OBJC_LITERAL_CONVERSION = YES;
				CLANG_WARN_OBJC_ROOT_CLASS = YES_ERROR;
				CLANG_WARN_QUOTED_INCLUDE_IN_FRAMEWORK_HEADER = YES;
				CLANG_WARN_RANGE_LOOP_ANALYSIS = YES;
				CLANG_WARN_STRICT_PROTOTYPES = YES;
				CLANG_WARN_SUSPICIOUS_MOVE = YES;
				CLANG_WARN_UNGUARDED_AVAILABILITY = YES_AGGRESSIVE;
				CLANG_WARN_UNREACHABLE_CODE = YES;
				CLANG_WARN__DUPLICATE_METHOD_MATCH = YES;
				COPY_PHASE_STRIP = NO;
				DEBUG_INFORMATION_FORMAT = "dwarf-with-dsym";
				DEVELOPMENT_TEAM = HLFRWBFWY6;
				ENABLE_NS_ASSERTIONS = NO;
				ENABLE_STRICT_OBJC_MSGSEND = YES;
				ENABLE_USER_SCRIPT_SANDBOXING = YES;
				GCC_C_LANGUAGE_STANDARD = gnu17;
				GCC_NO_COMMON_BLOCKS = YES;
				GCC_WARN_64_TO_32_BIT_CONVERSION = YES;
				GCC_WARN_ABOUT_RETURN_TYPE = YES_ERROR;
				GCC_WARN_UNDECLARED_SELECTOR = YES;
				GCC_WARN_UNINITIALIZED_AUTOS = YES_AGGRESSIVE;
				GCC_WARN_UNUSED_FUNCTION = YES;
				GCC_WARN_UNUSED_VARIABLE = YES;
				IPHONEOS_DEPLOYMENT_TARGET = 27.0;
				LOCALIZATION_PREFERS_STRING_CATALOGS = YES;
				MTL_ENABLE_DEBUG_INFO = NO;
				MTL_FAST_MATH = YES;
				SDKROOT = iphoneos;
				SWIFT_COMPILATION_MODE = wholemodule;
				VALIDATE_PRODUCT = YES;
			};
			name = Release;
		};
		3CD63D1A3069902200E67DAD /* Debug configuration for PBXNativeTarget "Sports CollectorTests" */ = {
			isa = XCBuildConfiguration;
			buildSettings = {
				BUNDLE_LOADER = "$(TEST_HOST)";
				CODE_SIGN_STYLE = Automatic;
				CURRENT_PROJECT_VERSION = 1;
				GENERATE_INFOPLIST_FILE = YES;
				IPHONEOS_DEPLOYMENT_TARGET = 27.0;
				MACOSX_DEPLOYMENT_TARGET = 27.0;
				MARKETING_VERSION = 1.0;
				PRODUCT_BUNDLE_IDENTIFIER = com.nigelspeight.SportsCollector.DrPopperTests;
				PRODUCT_NAME = "$(TARGET_NAME)";
				SDKROOT = auto;
				STRING_CATALOG_GENERATE_SYMBOLS = NO;
				SUPPORTED_PLATFORMS = "iphoneos iphonesimulator macosx xros xrsimulator";
				SWIFT_APPROACHABLE_CONCURRENCY = YES;
				SWIFT_EMIT_LOC_STRINGS = NO;
				SWIFT_UPCOMING_FEATURE_MEMBER_IMPORT_VISIBILITY = YES;
				SWIFT_VERSION = 5.0;
				TARGETED_DEVICE_FAMILY = "1,2,7";
				TEST_HOST = "$(BUILT_PRODUCTS_DIR)/Sports Collector.app/$(BUNDLE_EXECUTABLE_FOLDER_PATH)/Sports Collector";
				XROS_DEPLOYMENT_TARGET = 27.0;
			};
			name = Debug;
		};
		3CD63D1B3069902200E67DAD /* Release configuration for PBXNativeTarget "Sports CollectorTests" */ = {
			isa = XCBuildConfiguration;
			buildSettings = {
				BUNDLE_LOADER = "$(TEST_HOST)";
				CODE_SIGN_STYLE = Automatic;
				CURRENT_PROJECT_VERSION = 1;
				GENERATE_INFOPLIST_FILE = YES;
				IPHONEOS_DEPLOYMENT_TARGET = 27.0;
				MACOSX_DEPLOYMENT_TARGET = 27.0;
				MARKETING_VERSION = 1.0;
				PRODUCT_BUNDLE_IDENTIFIER = com.nigelspeight.SportsCollector.DrPopperTests;
				PRODUCT_NAME = "$(TARGET_NAME)";
				SDKROOT = auto;
				STRING_CATALOG_GENERATE_SYMBOLS = NO;
				SUPPORTED_PLATFORMS = "iphoneos iphonesimulator macosx xros xrsimulator";
				SWIFT_APPROACHABLE_CONCURRENCY = YES;
				SWIFT_EMIT_LOC_STRINGS = NO;
				SWIFT_UPCOMING_FEATURE_MEMBER_IMPORT_VISIBILITY = YES;
				SWIFT_VERSION = 5.0;
				TARGETED_DEVICE_FAMILY = "1,2,7";
				TEST_HOST = "$(BUILT_PRODUCTS_DIR)/Sports Collector.app/$(BUNDLE_EXECUTABLE_FOLDER_PATH)/Sports Collector";
				XROS_DEPLOYMENT_TARGET = 27.0;
			};
			name = Release;
		};
/* End XCBuildConfiguration section */

/* Begin XCConfigurationList section */
		3CD63CF23069889300E67DAD /* Build configuration list for PBXProject "Sports Collector" */ = {
			isa = XCConfigurationList;
			buildConfigurations = (
				3CD63D0D3069889400E67DAD /* Debug configuration for PBXProject "Sports Collector" */,
				3CD63D0E3069889400E67DAD /* Release configuration for PBXProject "Sports Collector" */,
			);
			defaultConfigurationName = Release;
		};
		3CD63D0A3069889400E67DAD /* Build configuration list for PBXNativeTarget "Sports Collector" */ = {
			isa = XCConfigurationList;
			buildConfigurations = (
				3CD63D0B3069889400E67DAD /* Debug configuration for PBXNativeTarget "Sports Collector" */,
				3CD63D0C3069889400E67DAD /* Release configuration for PBXNativeTarget "Sports Collector" */,
			);
			defaultConfigurationName = Release;
		};
		3CD63D193069902200E67DAD /* Build configuration list for PBXNativeTarget "Sports CollectorTests" */ = {
			isa = XCConfigurationList;
			buildConfigurations = (
				3CD63D1A3069902200E67DAD /* Debug configuration for PBXNativeTarget "Sports CollectorTests" */,
				3CD63D1B3069902200E67DAD /* Release configuration for PBXNativeTarget "Sports CollectorTests" */,
			);
			defaultConfigurationName = Release;
		};
/* End XCConfigurationList section */
	};
	rootObject = 3CD63CEF3069889300E67DAD /* Project object */;
	validationLevel = 1;
}
